github.com/aws/aws-sdk-go-v2 v1.19.1/go.mod h1:uzbQtefpm44goOPmdKyAlXSNcwlRgF3ePWVW6EtJvvw=
github.com/aws/aws-sdk-go-v2 v1.20.0/go.mod h1:uWOr0m0jDsiWw8nnXiqZ+YG6LdvAlGYDLLf2NmHZoy4=
github.com/aws/aws-sdk-go-v2/config v1.18.32/go.mod h1:U3ZF0fQRRA4gnbn9GGvOWLoT2EzzZfAWeKwnVrm1rDc=
github.com/aws/aws-sdk-go-v2/credentials v1.13.31/go.mod h1:T4sESjBtY2lNxLgkIASmeP57b5j7hTQqCbqG0tWnxC4=
github.com/aws/aws-sdk-go-v2/feature/dynamodb/attributevalue v1.10.33/go.mod h1:5NEAWU17dNieeFbBWv+SPDWKC40NBaUSz6pNPs1alkg=
github.com/aws/aws-sdk-go-v2/feature/ec2/imds v1.13.7/go.mod h1:3we0V09SwcJBzNlnyovrR2wWJhWmVdqAsmVs4uronv8=
github.com/aws/aws-sdk-go-v2/internal/configsources v1.1.36/go.mod h1:T8Jsn/uNL/AFOXrVYQ1YQaN1r9gN34JU1855/Lyjv+o=
github.com/aws/aws-sdk-go-v2/internal/configsources v1.1.37/go.mod h1:Pdn4j43v49Kk6+82spO3Tu5gSeQXRsxo56ePPQAvFiA=
github.com/aws/aws-sdk-go-v2/internal/endpoints/v2 v2.4.30/go.mod h1:v3GSCnFxbHzt9dlWBqvA1K1f9lmWuf4ztupZBCAIVs4=
github.com/aws/aws-sdk-go-v2/internal/endpoints/v2 v2.4.31/go.mod h1:fTJDMe8LOFYtqiFFFeHA+SVMAwqLhoq0kcInYoLa9Js=
github.com/aws/aws-sdk-go-v2/internal/ini v1.3.38/go.mod h1:1/jLp0OgOaWIetycOmycW+vYTYgTZFPttJQRgsI1PoU=
github.com/aws/aws-sdk-go-v2/service/dynamodb v1.20.3/go.mod h1:WczWiKRTgb2U7umhCguSMbwlHxrkIo2uXP6MJ3/nL54=
github.com/aws/aws-sdk-go-v2/service/dynamodbstreams v1.14.16/go.mod h1:89fsDC6p3GDyz1VTp9OQ9rsHFvPrFm71tWuz7mlNKjw=
github.com/aws/aws-sdk-go-v2/service/internal/accept-encoding v1.9.11/go.mod h1:iV4q2hsqtNECrfmlXyord9u4zyuFEJX9eLgLpSPzWA8=
github.com/aws/aws-sdk-go-v2/service/internal/endpoint-discovery v1.7.30/go.mod h1:FkGNuhZzhDjehwqKF7/fZjvPvcvEWpWT4yxUlgv9sso=
github.com/aws/aws-sdk-go-v2/service/internal/presigned-url v1.9.31/go.mod h1:3+lloe3sZuBQw1aBc5MyndvodzQlyqCZ7x1QPDHaWP4=
github.com/aws/aws-sdk-go-v2/service/sso v1.13.1/go.mod h1:TC9BubuFMVScIU+TLKamO6VZiYTkYoEHqlSQwAe2omw=
github.com/aws/aws-sdk-go-v2/service/ssooidc v1.15.1/go.mod h1:XO/VcyoQ8nKyKfFW/3DMsRQXsfh/052tHTWmg3xBXRg=
github.com/aws/aws-sdk-go-v2/service/sts v1.21.1/go.mod h1:G8SbvL0rFk4WOJroU8tKBczhsbhj2p/YY7qeJezJ3CI=
github.com/aws/smithy-go v1.13.5/go.mod h1:Tg+OJXh4MB2R/uN61Ko2f6hTZwB/ZYGOtib8J3gBHzA=
github.com/aws/smithy-go v1.14.0/go.mod h1:Tg+OJXh4MB2R/uN61Ko2f6hTZwB/ZYGOtib8J3gBHzA=
github.com/davecgh/go-spew v1.1.0/go.mod h1:J7Y8YcW2NihsgmVo/mv3lAwl/skON4iLHjSsI+c5H38=
github.com/davecgh/go-spew v1.1.1/go.mod h1:J7Y8YcW2NihsgmVo/mv3lAwl/skON4iLHjSsI+c5H38=
github.com/gabriel-vasile/mimetype v1.4.2/go.mod h1:zApsH/mKG4w07erKIaJPFiX0Tsq9BFQgN3qGY5GnNgA=
github.com/go-playground/locales v0.14.1/go.mod h1:hxrqLVvrK65+Rwrd5Fc6F2O76J/NuW9t0sjnWqG1slY=
github.com/go-playground/universal-translator v0.18.1/go.mod h1:xekY+UJKNuX9WP91TpwSH2VMlDf28Uj24BCp08ZFTUY=
github.com/go-playground/validator/v10 v10.14.1/go.mod h1:9iXMNT7sEkjXb0I+enO7QXmzG6QCsPWY4zveKFVRSyU=
github.com/google/go-cmp v0.5.8/go.mod h1:17dUlkBOakJ0+DkrSSNjCkIjxS6bF9zb3elmeNGIjoY=
github.com/google/uuid v1.3.0/go.mod h1:TIyPZe4MgqvfeYDBFedMoGGpEw/LqOeaOT+nhxU+yHo=
github.com/gorilla/mux v1.8.0/go.mod h1:DVbg23sWSpFRCP0SfiEN6jmj59UnW/n46BH5rLB71So=
github.com/jmespath/go-jmespath v0.4.0/go.mod h1:T8mJZnbsbmF+m6zOOFylbeCJqk5+pHWvzYPziyZiYoo=
github.com/jmespath/go-jmespath/internal/testify v1.5.1/go.mod h1:L3OGu8Wl2/fWfCI6z80xFu9LTZmf1ZRjMHUOPmWr69U=
github.com/leodido/go-urn v1.2.4/go.mod h1:7ZrI8mTSeBSHl/UaRyKQW1qZeMgak41ANeCNaVckg+4=
github.com/pmezard/go-difflib v1.0.0/go.mod h1:iKH77koFhYxTK1pcRnkKkqfTogsbg7gZNVY4sRDYZ/4=
github.com/stretchr/objx v0.1.0/go.mod h1:HFkY916IF+rwdDfMAkV7OtwuqBVzrE8GR6GFx+wExME=
github.com/stretchr/objx v0.4.0/go.mod h1:YvHI0jy2hoMjB+UWwv71VJQ9isScKT/TqJzVSSt89Yw=
github.com/stretchr/objx v0.5.0/go.mod h1:Yh+to48EsGEfYuaHDzXPcE3xhTkx73EhmCGUpEOglKo=
github.com/stretchr/testify v1.7.1/go.mod h1:6Fq8oRcR53rry900zMqJjRRixrwX3KX962/h/Wwjteg=
github.com/stretchr/testify v1.8.0/go.mod h1:yNjHg4UonilssWZ8iaSj1OCr/vHnekPRkoO+kdMU+MU=
github.com/stretchr/testify v1.8.2/go.mod h1:w2LPCIKwWwSfY2zedu0+kehJoqGctiVI29o6fzry7u4=
golang.org/x/crypto v0.7.0/go.mod h1:pYwdfH91IfpZVANVyUOhSIPZaFoJGxTFbZhFTx+dXZU=
golang.org/x/net v0.8.0/go.mod h1:QVkue5JL9kW//ek3r6jTKnTFis1tRmNAW2P1shuFdJc=
golang.org/x/sys v0.6.0/go.mod h1:oPkhp1MJrh7nUepCBck5+mAzfO9JrbApNNgaTdGDITg=
golang.org/x/text v0.8.0/go.mod h1:e1OnstbJyHTd6l/uOt8jFFHp6TRDWZR/bV3emEE/zU8=
gopkg.in/check.v1 v0.0.0-20161208181325-20d25e280405/go.mod h1:Co6ibVJAznAaIkqp8huTwlJQCZ016jof/cbN4VW5Yz0=
gopkg.in/yaml.v2 v2.2.8/go.mod h1:hI93XBmqTisBFMUTm0b8Fm+jr3Dg1NNxqwp+5A1VGuI=
gopkg.in/yaml.v3 v3.0.0-20200313102051-9f266ea9e77c/go.mod h1:K4uyk7z7BCEPqu6E+C64Yfv1cQ7kz7rIZviUmN+EgEM=
gopkg.in/yaml.v3 v3.0.1/go.mod h1:K4uyk7z7BCEPqu6E+C64Yfv1cQ7kz7rIZviUmN+EgEM=
